PODS:
  - Flutter (1.0.0)
  - flutter_open_chinese_convert (0.1.0):
    - Flutter
    - OpenCC
  - OpenCC (0.1.5)

DEPENDENCIES:
  - Flutter (from `Flutter`)
  - flutter_open_chinese_convert (from `.symlinks/plugins/flutter_open_chinese_convert/ios`)

SPEC REPOS:
  trunk:
    - OpenCC

EXTERNAL SOURCES:
  Flutter:
    :path: Flutter
  flutter_open_chinese_convert:
    :path: ".symlinks/plugins/flutter_open_chinese_convert/ios"

SPEC CHECKSUMS:
  Flutter: 0e3d915762c693b495b44d77113d4970485de6ec
  flutter_open_chinese_convert: 32da99b9f5df05c003ef2c37bce00ffe052da657
  OpenCC: 8892e73d48d58ab3050bb031212a5bb585704dea

PODFILE CHECKSUM: aafe91acc616949ddb318b77800a7f51bffa2a4c

COCOAPODS: 1.10.0
