PODS:
  - Flutter (1.0.0)
  - flutter_open_chinese_convert (0.3.3):
    - Flutter
    - OpenCC
  - OpenCC (0.3.3)

DEPENDENCIES:
  - Flutter (from `Flutter`)
  - flutter_open_chinese_convert (from `.symlinks/plugins/flutter_open_chinese_convert/ios`)

SPEC REPOS:
  trunk:
    - OpenCC

EXTERNAL SOURCES:
  Flutter:
    :path: Flutter
  flutter_open_chinese_convert:
    :path: ".symlinks/plugins/flutter_open_chinese_convert/ios"

SPEC CHECKSUMS:
  Flutter: e0871f40cf51350855a761d2e70bf5af5b9b5de7
  flutter_open_chinese_convert: 5400d94847b6614c6f70bb0ea760a960310e32ea
  OpenCC: 290dcf27e18ef926aa4fbc0f0a9c116c36145bc5

PODFILE CHECKSUM: 819463e6a0290f5a72f145ba7cde16e8b6ef0796

COCOAPODS: 1.15.2
