PODS:
  - Flutter (1.0.0)
  - flutter_open_chinese_convert (0.1.0):
    - Flutter
    - OpenCC
  - OpenCC (0.1.2)

DEPENDENCIES:
  - Flutter (from `.symlinks/flutter/ios`)
  - flutter_open_chinese_convert (from `.symlinks/plugins/flutter_open_chinese_convert/ios`)

SPEC REPOS:
  https://github.com/CocoaPods/Specs.git:
    - OpenCC

EXTERNAL SOURCES:
  Flutter:
    :path: ".symlinks/flutter/ios"
  flutter_open_chinese_convert:
    :path: ".symlinks/plugins/flutter_open_chinese_convert/ios"

SPEC CHECKSUMS:
  Flutter: 0e3d915762c693b495b44d77113d4970485de6ec
  flutter_open_chinese_convert: d9fa1c86f0d52c3f6e6c6b2e398e422b613f6554
  OpenCC: bdb727693d025252e82cdc43ed2fd556dd3ace39

PODFILE CHECKSUM: 10ae9c18d12c9ffc2275c9a159a3b1e281990db0

COCOAPODS: 1.8.4
